{
  "name": "@dsh-skill-evo/dsh-bundle",
  "version": "0.1.0",
  "lockfileVersion": 3,
  "requires": true,
  "packages": {
    "": {
      "name": "@dsh-skill-evo/dsh-bundle",
      "version": "0.1.0",
      "license": "MIT",
      "dependencies": {
        "@dsh-skill-evo/core": "file:../skill-evolution",
        "@dsh-skill-evo/dsh-adapter": "file:../dsh-adapter"
      }
    },
    "../dsh-adapter": {
      "name": "@dsh-skill-evo/dsh-adapter",
      "version": "0.1.0",
      "license": "MIT",
      "devDependencies": {
        "@types/node": "^22.0.0",
        "typescript": "^5.0.0",
        "vitest": "^4.0.0"
      },
      "engines": {
        "node": ">=22"
      }
    },
    "../skill-evolution": {
      "name": "@dsh-skill-evo/core",
      "version": "0.1.0",
      "license": "MIT",
      "devDependencies": {
        "@types/node": "^22.0.0",
        "typescript": "^5.0.0",
        "vitest": "^4.0.0"
      },
      "engines": {
        "node": ">=22"
      }
    },
    "node_modules/@dsh-skill-evo/core": {
      "resolved": "../skill-evolution",
      "link": true
    },
    "node_modules/@dsh-skill-evo/dsh-adapter": {
      "resolved": "../dsh-adapter",
      "link": true
    }
  }
}
